
Microsoft Visual Studio Solution File, Format Version 12.00
# Visual Studio Version 17
VisualStudioVersion = 17.7.34202.233
MinimumVisualStudioVersion = 10.0.40219.1
Project("{8BC9CEB8-8B4A-11D0-8D11-00A0C91BC942}") = "Project1Server", "NetworkingProject1\NetworkingProject1.vcxproj", "{7B4F6E96-8AD3-4587-8295-93741133D632}"
EndProject
Project("{8BC9CEB8-8B4A-11D0-8D11-00A0C91BC942}") = "Project1Client", "Project1Client\Project1Client.vcxproj", "{68A389E4-0E31-40F5-9487-6300F6EBCFA2}"
EndProject
Global
	GlobalSection(SolutionConfigurationPlatforms) = preSolution
		Debug|x64 = Debug|x64
		Debug|x86 = Debug|x86
		Release|x64 = Release|x64
		Release|x86 = Release|x86
	EndGlobalSection
	GlobalSection(ProjectConfigurationPlatforms) = postSolution
		{7B4F6E96-8AD3-4587-8295-93741133D632}.Debug|x64.ActiveCfg = Debug|x64
		{7B4F6E96-8AD3-4587-8295-93741133D632}.Debug|x64.Build.0 = Debug|x64
		{7B4F6E96-8AD3-4587-8295-93741133D632}.Debug|x86.ActiveCfg = Debug|Win32
		{7B4F6E96-8AD3-4587-8295-93741133D632}.Debug|x86.Build.0 = Debug|Win32
		{7B4F6E96-8AD3-4587-8295-93741133D632}.Release|x64.ActiveCfg = Release|x64
		{7B4F6E96-8AD3-4587-8295-93741133D632}.Release|x64.Build.0 = Release|x64
		{7B4F6E96-8AD3-4587-8295-93741133D632}.Release|x86.ActiveCfg = Release|Win32
		{7B4F6E96-8AD3-4587-8295-93741133D632}.Release|x86.Build.0 = Release|Win32
		{68A389E4-0E31-40F5-9487-6300F6EBCFA2}.Debug|x64.ActiveCfg = Debug|x64
		{68A389E4-0E31-40F5-9487-6300F6EBCFA2}.Debug|x64.Build.0 = Debug|x64
		{68A389E4-0E31-40F5-9487-6300F6EBCFA2}.Debug|x86.ActiveCfg = Debug|Win32
		{68A389E4-0E31-40F5-9487-6300F6EBCFA2}.Debug|x86.Build.0 = Debug|Win32
		{68A389E4-0E31-40F5-9487-6300F6EBCFA2}.Release|x64.ActiveCfg = Release|x64
		{68A389E4-0E31-40F5-9487-6300F6EBCFA2}.Release|x64.Build.0 = Release|x64
		{68A389E4-0E31-40F5-9487-6300F6EBCFA2}.Release|x86.ActiveCfg = Release|Win32
		{68A389E4-0E31-40F5-9487-6300F6EBCFA2}.Release|x86.Build.0 = Release|Win32
	EndGlobalSection
	GlobalSection(SolutionProperties) = preSolution
		HideSolutionNode = FALSE
	EndGlobalSection
	GlobalSection(ExtensibilityGlobals) = postSolution
		SolutionGuid = {A64A6FD6-3786-4DCE-BD4A-2C9ADBFA411E}
	EndGlobalSection
EndGlobal
